// !$*UTF8*$!
{
	archiveVersion = 1;
	classes = {
	};
	objectVersion = 50;
	objects = {

/* Begin PBXBuildFile section */
		40534578235909C900EE2BBD /* PreferencesModel.swift in Sources */ = {isa = PBXBuildFile; fileRef = 40534577235909C900EE2BBD /* PreferencesModel.swift */; };
		4053458323590B5700EE2BBD /* Keychain.swift in Sources */ = {isa = PBXBuildFile; fileRef = 4053458223590B5700EE2BBD /* Keychain.swift */; };
		405345A52359A71700EE2BBD /* StatusMenuController.swift in Sources */ = {isa = PBXBuildFile; fileRef = 405345A42359A71700EE2BBD /* StatusMenuController.swift */; };
		405345A72359A79800EE2BBD /* GMailNetworking.swift in Sources */ = {isa = PBXBuildFile; fileRef = 405345A62359A79800EE2BBD /* GMailNetworking.swift */; };
		4083732E2362BB40006FA0FA /* Notes.txt in Resources */ = {isa = PBXBuildFile; fileRef = 4083732D2362BB40006FA0FA /* Notes.txt */; };
		40B34E0523558F08006434C0 /* AppDelegate.swift in Sources */ = {isa = PBXBuildFile; fileRef = 40B34E0423558F08006434C0 /* AppDelegate.swift */; };
		40B34E0723558F08006434C0 /* PreferencesWindow.swift in Sources */ = {isa = PBXBuildFile; fileRef = 40B34E0623558F08006434C0 /* PreferencesWindow.swift */; };
		40B34E0923558F0A006434C0 /* Assets.xcassets in Resources */ = {isa = PBXBuildFile; fileRef = 40B34E0823558F0A006434C0 /* Assets.xcassets */; };
		40B34E0C23558F0A006434C0 /* Preview Assets.xcassets in Resources */ = {isa = PBXBuildFile; fileRef = 40B34E0B23558F0A006434C0 /* Preview Assets.xcassets */; };
		40B34E0F23558F0A006434C0 /* Main.storyboard in Resources */ = {isa = PBXBuildFile; fileRef = 40B34E0D23558F0A006434C0 /* Main.storyboard */; };
/* End PBXBuildFile section */

/* Begin PBXFileReference section */
		40534577235909C900EE2BBD /* PreferencesModel.swift */ = {isa = PBXFileReference; lastKnownFileType = sourcecode.swift; path = PreferencesModel.swift; sourceTree = "<group>"; };
		4053458223590B5700EE2BBD /* Keychain.swift */ = {isa = PBXFileReference; fileEncoding = 4; lastKnownFileType = sourcecode.swift; path = Keychain.swift; sourceTree = "<group>"; };
		405345A42359A71700EE2BBD /* StatusMenuController.swift */ = {isa = PBXFileReference; lastKnownFileType = sourcecode.swift; path = StatusMenuController.swift; sourceTree = "<group>"; };
		405345A62359A79800EE2BBD /* GMailNetworking.swift */ = {isa = PBXFileReference; lastKnownFileType = sourcecode.swift; path = GMailNetworking.swift; sourceTree = "<group>"; };
		4083732D2362BB40006FA0FA /* Notes.txt */ = {isa = PBXFileReference; lastKnownFileType = text; path = Notes.txt; sourceTree = "<group>"; };
		40B34E0123558F08006434C0 /* GmailAlert.app */ = {isa = PBXFileReference; explicitFileType = wrapper.application; includeInIndex = 0; path = GmailAlert.app; sourceTree = BUILT_PRODUCTS_DIR; };
		40B34E0423558F08006434C0 /* AppDelegate.swift */ = {isa = PBXFileReference; lastKnownFileType = sourcecode.swift; path = AppDelegate.swift; sourceTree = "<group>"; };
		40B34E0623558F08006434C0 /* PreferencesWindow.swift */ = {isa = PBXFileReference; lastKnownFileType = sourcecode.swift; path = PreferencesWindow.swift; sourceTree = "<group>"; };
		40B34E0823558F0A006434C0 /* Assets.xcassets */ = {isa = PBXFileReference; lastKnownFileType = folder.assetcatalog; path = Assets.xcassets; sourceTree = "<group>"; };
		40B34E0B23558F0A006434C0 /* Preview Assets.xcassets */ = {isa = PBXFileReference; lastKnownFileType = folder.assetcatalog; path = "Preview Assets.xcassets"; sourceTree = "<group>"; };
		40B34E0E23558F0A006434C0 /* Base */ = {isa = PBXFileReference; lastKnownFileType = file.storyboard; name = Base; path = Base.lproj/Main.storyboard; sourceTree = "<group>"; };
		40B34E1023558F0A006434C0 /* Info.plist */ = {isa = PBXFileReference; lastKnownFileType = text.plist.xml; path = Info.plist; sourceTree = "<group>"; };
		40B34E1123558F0A006434C0 /* GmailAlert.entitlements */ = {isa = PBXFileReference; lastKnownFileType = text.plist.entitlements; path = GmailAlert.entitlements; sourceTree = "<group>"; };
/* End PBXFileReference section */

/* Begin PBXFrameworksBuildPhase section */
		40B34DFE23558F08006434C0 /* Frameworks */ = {
			isa = PBXFrameworksBuildPhase;
			buildActionMask = 2147483647;
			files = (
			);
			runOnlyForDeploymentPostprocessing = 0;
		};
/* End PBXFrameworksBuildPhase section */

/* Begin PBXGroup section */
		40B34DF823558F08006434C0 = {
			isa = PBXGroup;
			children = (
				4083732D2362BB40006FA0FA /* Notes.txt */,
				40B34E0323558F08006434C0 /* GmailAlert */,
				40B34E0223558F08006434C0 /* Products */,
			);
			sourceTree = "<group>";
		};
		40B34E0223558F08006434C0 /* Products */ = {
			isa = PBXGroup;
			children = (
				40B34E0123558F08006434C0 /* GmailAlert.app */,
			);
			name = Products;
			sourceTree = "<group>";
		};
		40B34E0323558F08006434C0 /* GmailAlert */ = {
			isa = PBXGroup;
			children = (
				40B34E0423558F08006434C0 /* AppDelegate.swift */,
				405345A42359A71700EE2BBD /* StatusMenuController.swift */,
				405345A62359A79800EE2BBD /* GMailNetworking.swift */,
				40534577235909C900EE2BBD /* PreferencesModel.swift */,
				40B34E0623558F08006434C0 /* PreferencesWindow.swift */,
				4053458223590B5700EE2BBD /* Keychain.swift */,
				40B34E0823558F0A006434C0 /* Assets.xcassets */,
				40B34E0D23558F0A006434C0 /* Main.storyboard */,
				40B34E1023558F0A006434C0 /* Info.plist */,
				40B34E1123558F0A006434C0 /* GmailAlert.entitlements */,
				40B34E0A23558F0A006434C0 /* Preview Content */,
			);
			path = GmailAlert;
			sourceTree = "<group>";
		};
		40B34E0A23558F0A006434C0 /* Preview Content */ = {
			isa = PBXGroup;
			children = (
				40B34E0B23558F0A006434C0 /* Preview Assets.xcassets */,
			);
			path = "Preview Content";
			sourceTree = "<group>";
		};
/* End PBXGroup section */

/* Begin PBXNativeTarget section */
		40B34E0023558F08006434C0 /* GmailAlert */ = {
			isa = PBXNativeTarget;
			buildConfigurationList = 40B34E1423558F0A006434C0 /* Build configuration list for PBXNativeTarget "GmailAlert" */;
			buildPhases = (
				40B34DFD23558F08006434C0 /* Sources */,
				40B34DFE23558F08006434C0 /* Frameworks */,
				40B34DFF23558F08006434C0 /* Resources */,
			);
			buildRules = (
			);
			dependencies = (
			);
			name = GmailAlert;
			productName = GmailAlert;
			productReference = 40B34E0123558F08006434C0 /* GmailAlert.app */;
			productType = "com.apple.product-type.application";
		};
/* End PBXNativeTarget section */

/* Begin PBXProject section */
		40B34DF923558F08006434C0 /* Project object */ = {
			isa = PBXProject;
			attributes = {
				LastSwiftUpdateCheck = 1100;
				LastUpgradeCheck = 1100;
				ORGANIZATIONNAME = "Ross Tulloch";
				TargetAttributes = {
					40B34E0023558F08006434C0 = {
						CreatedOnToolsVersion = 11.0;
					};
				};
			};
			buildConfigurationList = 40B34DFC23558F08006434C0 /* Build configuration list for PBXProject "GmailAlert" */;
			compatibilityVersion = "Xcode 9.3";
			developmentRegion = en;
			hasScannedForEncodings = 0;
			knownRegions = (
				en,
				Base,
			);
			mainGroup = 40B34DF823558F08006434C0;
			productRefGroup = 40B34E0223558F08006434C0 /* Products */;
			projectDirPath = "";
			projectRoot = "";
			targets = (
				40B34E0023558F08006434C0 /* GmailAlert */,
			);
		};
/* End PBXProject section */

/* Begin PBXResourcesBuildPhase section */
		40B34DFF23558F08006434C0 /* Resources */ = {
			isa = PBXResourcesBuildPhase;
			buildActionMask = 2147483647;
			files = (
				4083732E2362BB40006FA0FA /* Notes.txt in Resources */,
				40B34E0F23558F0A006434C0 /* Main.storyboard in Resources */,
				40B34E0C23558F0A006434C0 /* Preview Assets.xcassets in Resources */,
				40B34E0923558F0A006434C0 /* Assets.xcassets in Resources */,
			);
			runOnlyForDeploymentPostprocessing = 0;
		};
/* End PBXResourcesBuildPhase section */

/* Begin PBXSourcesBuildPhase section */
		40B34DFD23558F08006434C0 /* Sources */ = {
			isa = PBXSourcesBuildPhase;
			buildActionMask = 2147483647;
			files = (
				405345A72359A79800EE2BBD /* GMailNetworking.swift in Sources */,
				40B34E0723558F08006434C0 /* PreferencesWindow.swift in Sources */,
				4053458323590B5700EE2BBD /* Keychain.swift in Sources */,
				405345A52359A71700EE2BBD /* StatusMenuController.swift in Sources */,
				40534578235909C900EE2BBD /* PreferencesModel.swift in Sources */,
				40B34E0523558F08006434C0 /* AppDelegate.swift in Sources */,
			);
			runOnlyForDeploymentPostprocessing = 0;
		};
/* End PBXSourcesBuildPhase section */

/* Begin PBXVariantGroup section */
		40B34E0D23558F0A006434C0 /* Main.storyboard */ = {
			isa = PBXVariantGroup;
			children = (
				40B34E0E23558F0A006434C0 /* Base */,
			);
			name = Main.storyboard;
			sourceTree = "<group>";
		};
/* End PBXVariantGroup section */

/* Begin XCBuildConfiguration section */
		40B34E1223558F0A006434C0 /* Debug */ = {
			isa = XCBuildConfiguration;
			buildSettings = {
				ALWAYS_SEARCH_USER_PATHS = NO;
				CLANG_ANALYZER_NONNULL = YES;
				CLANG_ANALYZER_NUMBER_OBJECT_CONVERSION = YES_AGGRESSIVE;
				CLANG_CXX_LANGUAGE_STANDARD = "gnu++14";
				CLANG_CXX_LIBRARY = "libc++";
				CLANG_ENABLE_MODULES = YES;
				CLANG_ENABLE_OBJC_ARC = YES;
				CLANG_ENABLE_OBJC_WEAK = YES;
				CLANG_WARN_BLOCK_CAPTURE_AUTORELEASING = YES;
				CLANG_WARN_BOOL_CONVERSION = YES;
				CLANG_WARN_COMMA = YES;
				CLANG_WARN_CONSTANT_CONVERSION = YES;
				CLANG_WARN_DEPRECATED_OBJC_IMPLEMENTATIONS = YES;
				CLANG_WARN_DIRECT_OBJC_ISA_USAGE = YES_ERROR;
				CLANG_WARN_DOCUMENTATION_COMMENTS = YES;
				CLANG_WARN_EMPTY_BODY = YES;
				CLANG_WARN_ENUM_CONVERSION = YES;
				CLANG_WARN_INFINITE_RECURSION = YES;
				CLANG_WARN_INT_CONVERSION = YES;
				CLANG_WARN_NON_LITERAL_NULL_CONVERSION = YES;
				CLANG_WARN_OBJC_IMPLICIT_RETAIN_SELF = YES;
				CLANG_WARN_OBJC_LITERAL_CONVERSION = YES;
				CLANG_WARN_OBJC_ROOT_CLASS = YES_ERROR;
				CLANG_WARN_RANGE_LOOP_ANALYSIS = YES;
				CLANG_WARN_STRICT_PROTOTYPES = YES;
				CLANG_WARN_SUSPICIOUS_MOVE = YES;
				CLANG_WARN_UNGUARDED_AVAILABILITY = YES_AGGRESSIVE;
				CLANG_WARN_UNREACHABLE_CODE = YES;
				CLANG_WARN__DUPLICATE_METHOD_MATCH = YES;
				COPY_PHASE_STRIP = NO;
				DEBUG_INFORMATION_FORMAT = dwarf;
				ENABLE_STRICT_OBJC_MSGSEND = YES;
				ENABLE_TESTABILITY = YES;
				GCC_C_LANGUAGE_STANDARD = gnu11;
				GCC_DYNAMIC_NO_PIC = NO;
				GCC_NO_COMMON_BLOCKS = YES;
				GCC_OPTIMIZATION_LEVEL = 0;
				GCC_PREPROCESSOR_DEFINITIONS = (
					"DEBUG=1",
					"$(inherited)",
				);
				GCC_WARN_64_TO_32_BIT_CONVERSION = YES;
				GCC_WARN_ABOUT_RETURN_TYPE = YES_ERROR;
				GCC_WARN_UNDECLARED_SELECTOR = YES;
				GCC_WARN_UNINITIALIZED_AUTOS = YES_AGGRESSIVE;
				GCC_WARN_UNUSED_FUNCTION = YES;
				GCC_WARN_UNUSED_VARIABLE = YES;
				MACOSX_DEPLOYMENT_TARGET = 10.15;
				MTL_ENABLE_DEBUG_INFO = INCLUDE_SOURCE;
				MTL_FAST_MATH = YES;
				ONLY_ACTIVE_ARCH = YES;
				SDKROOT = macosx;
				SWIFT_ACTIVE_COMPILATION_CONDITIONS = DEBUG;
				SWIFT_OPTIMIZATION_LEVEL = "-Onone";
			};
			name = Debug;
		};
		40B34E1323558F0A006434C0 /* Release */ = {
			isa = XCBuildConfiguration;
			buildSettings = {
				ALWAYS_SEARCH_USER_PATHS = NO;
				CLANG_ANALYZER_NONNULL = YES;
				CLANG_ANALYZER_NUMBER_OBJECT_CONVERSION = YES_AGGRESSIVE;
				CLANG_CXX_LANGUAGE_STANDARD = "gnu++14";
				CLANG_CXX_LIBRARY = "libc++";
				CLANG_ENABLE_MODULES = YES;
				CLANG_ENABLE_OBJC_ARC = YES;
				CLANG_ENABLE_OBJC_WEAK = YES;
				CLANG_WARN_BLOCK_CAPTURE_AUTORELEASING = YES;
				CLANG_WARN_BOOL_CONVERSION = YES;
				CLANG_WARN_COMMA = YES;
				CLANG_WARN_CONSTANT_CONVERSION = YES;
				CLANG_WARN_DEPRECATED_OBJC_IMPLEMENTATIONS = YES;
				CLANG_WARN_DIRECT_OBJC_ISA_USAGE = YES_ERROR;
				CLANG_WARN_DOCUMENTATION_COMMENTS = YES;
				CLANG_WARN_EMPTY_BODY = YES;
				CLANG_WARN_ENUM_CONVERSION = YES;
				CLANG_WARN_INFINITE_RECURSION = YES;
				CLANG_WARN_INT_CONVERSION = YES;
				CLANG_WARN_NON_LITERAL_NULL_CONVERSION = YES;
				CLANG_WARN_OBJC_IMPLICIT_RETAIN_SELF = YES;
				CLANG_WARN_OBJC_LITERAL_CONVERSION = YES;
				CLANG_WARN_OBJC_ROOT_CLASS = YES_ERROR;
				CLANG_WARN_RANGE_LOOP_ANALYSIS = YES;
				CLANG_WARN_STRICT_PROTOTYPES = YES;
				CLANG_WARN_SUSPICIOUS_MOVE = YES;
				CLANG_WARN_UNGUARDED_AVAILABILITY = YES_AGGRESSIVE;
				CLANG_WARN_UNREACHABLE_CODE = YES;
				CLANG_WARN__DUPLICATE_METHOD_MATCH = YES;
				COPY_PHASE_STRIP = NO;
				DEBUG_INFORMATION_FORMAT = "dwarf-with-dsym";
				ENABLE_NS_ASSERTIONS = NO;
				ENABLE_STRICT_OBJC_MSGSEND = YES;
				GCC_C_LANGUAGE_STANDARD = gnu11;
				GCC_NO_COMMON_BLOCKS = YES;
				GCC_WARN_64_TO_32_BIT_CONVERSION = YES;
				GCC_WARN_ABOUT_RETURN_TYPE = YES_ERROR;
				GCC_WARN_UNDECLARED_SELECTOR = YES;
				GCC_WARN_UNINITIALIZED_AUTOS = YES_AGGRESSIVE;
				GCC_WARN_UNUSED_FUNCTION = YES;
				GCC_WARN_UNUSED_VARIABLE = YES;
				MACOSX_DEPLOYMENT_TARGET = 10.15;
				MTL_ENABLE_DEBUG_INFO = NO;
				MTL_FAST_MATH = YES;
				SDKROOT = macosx;
				SWIFT_COMPILATION_MODE = wholemodule;
				SWIFT_OPTIMIZATION_LEVEL = "-O";
			};
			name = Release;
		};
		40B34E1523558F0A006434C0 /* Debug */ = {
			isa = XCBuildConfiguration;
			buildSettings = {
				ASSETCATALOG_COMPILER_APPICON_NAME = AppIcon;
				CODE_SIGN_ENTITLEMENTS = GmailAlert/GmailAlert.entitlements;
				CODE_SIGN_STYLE = Automatic;
				COMBINE_HIDPI_IMAGES = YES;
				DEVELOPMENT_ASSET_PATHS = "\"GmailAlert/Preview Content\"";
				DEVELOPMENT_TEAM = ZR7LDMP3AD;
				ENABLE_HARDENED_RUNTIME = YES;
				ENABLE_PREVIEWS = YES;
				INFOPLIST_FILE = GmailAlert/Info.plist;
				LD_RUNPATH_SEARCH_PATHS = (
					"$(inherited)",
					"@executable_path/../Frameworks",
				);
				MACOSX_DEPLOYMENT_TARGET = 10.15;
				PRODUCT_BUNDLE_IDENTIFIER = com.zeroonetwenty.GmailAlert;
				PRODUCT_NAME = "$(TARGET_NAME)";
				SWIFT_VERSION = 5.0;
			};
			name = Debug;
		};
		40B34E1623558F0A006434C0 /* Release */ = {
			isa = XCBuildConfiguration;
			buildSettings = {
				ASSETCATALOG_COMPILER_APPICON_NAME = AppIcon;
				CODE_SIGN_ENTITLEMENTS = GmailAlert/GmailAlert.entitlements;
				CODE_SIGN_STYLE = Automatic;
				COMBINE_HIDPI_IMAGES = YES;
				DEVELOPMENT_ASSET_PATHS = "\"GmailAlert/Preview Content\"";
				DEVELOPMENT_TEAM = ZR7LDMP3AD;
				ENABLE_HARDENED_RUNTIME = YES;
				ENABLE_PREVIEWS = YES;
				INFOPLIST_FILE = GmailAlert/Info.plist;
				LD_RUNPATH_SEARCH_PATHS = (
					"$(inherited)",
					"@executable_path/../Frameworks",
				);
				MACOSX_DEPLOYMENT_TARGET = 10.15;
				PRODUCT_BUNDLE_IDENTIFIER = com.zeroonetwenty.GmailAlert;
				PRODUCT_NAME = "$(TARGET_NAME)";
				SWIFT_VERSION = 5.0;
			};
			name = Release;
		};
/* End XCBuildConfiguration section */

/* Begin XCConfigurationList section */
		40B34DFC23558F08006434C0 /* Build configuration list for PBXProject "GmailAlert" */ = {
			isa = XCConfigurationList;
			buildConfigurations = (
				40B34E1223558F0A006434C0 /* Debug */,
				40B34E1323558F0A006434C0 /* Release */,
			);
			defaultConfigurationIsVisible = 0;
			defaultConfigurationName = Release;
		};
		40B34E1423558F0A006434C0 /* Build configuration list for PBXNativeTarget "GmailAlert" */ = {
			isa = XCConfigurationList;
			buildConfigurations = (
				40B34E1523558F0A006434C0 /* Debug */,
				40B34E1623558F0A006434C0 /* Release */,
			);
			defaultConfigurationIsVisible = 0;
			defaultConfigurationName = Release;
		};
/* End XCConfigurationList section */
	};
	rootObject = 40B34DF923558F08006434C0 /* Project object */;
}
